# THIS IS AN AUTOGENERATED FILE. DO NOT EDIT THIS FILE DIRECTLY.
# yarn lockfile v1


"@ethersproject/abi@5.3.0", "@ethersproject/abi@^5.3.0":
  version "5.3.0"
  resolved "https://registry.yarnpkg.com/@ethersproject/abi/-/abi-5.3.0.tgz#00f0647d906edcd32c50b16ab9c98f83e208dcf1"
  integrity sha512-NaT4UacjOwca8qCG/gv8k+DgTcWu49xlrvdhr/p8PTFnoS8e3aMWqjI3znFME5Txa/QWXDrg2/heufIUue9rtw==
  dependencies:
    "@ethersproject/address" "^5.3.0"
    "@ethersproject/bignumber" "^5.3.0"
    "@ethersproject/bytes" "^5.3.0"
    "@ethersproject/constants" "^5.3.0"
    "@ethersproject/hash" "^5.3.0"
    "@ethersproject/keccak256" "^5.3.0"
    "@ethersproject/logger" "^5.3.0"
    "@ethersproject/properties" "^5.3.0"
    "@ethersproject/strings" "^5.3.0"

"@ethersproject/abstract-provider@5.3.0", "@ethersproject/abstract-provider@^5.3.0":
  version "5.3.0"
  resolved "https://registry.yarnpkg.com/@ethersproject/abstract-provider/-/abstract-provider-5.3.0.tgz#f4c0ae4a4cef9f204d7781de805fd44b72756c81"
  integrity sha512-1+MLhGP1GwxBDBNwMWVmhCsvKwh4gK7oIfOrmlmePNeskg1NhIrYssraJBieaFNHUYfKEd/1DjiVZMw8Qu5Cxw==
  dependencies:
    "@ethersproject/bignumber" "^5.3.0"
    "@ethersproject/bytes" "^5.3.0"
    "@ethersproject/logger" "^5.3.0"
    "@ethersproject/networks" "^5.3.0"
    "@ethersproject/properties" "^5.3.0"
    "@ethersproject/transactions" "^5.3.0"
    "@ethersproject/web" "^5.3.0"

"@ethersproject/abstract-signer@5.3.0", "@ethersproject/abstract-signer@^5.3.0":
  version "5.3.0"
  resolved "https://registry.yarnpkg.com/@ethersproject/abstract-signer/-/abstract-signer-5.3.0.tgz#05172b653e15b535ed5854ef5f6a72f4b441052d"
  integrity sha512-w8IFwOYqiPrtvosPuArZ3+QPR2nmdVTRrVY8uJYL3NNfMmQfTy3V3l2wbzX47UUlNbPJY+gKvzJAyvK1onZxJg==
  dependencies:
    "@ethersproject/abstract-provider" "^5.3.0"
    "@ethersproject/bignumber" "^5.3.0"
    "@ethersproject/bytes" "^5.3.0"
    "@ethersproject/logger" "^5.3.0"
    "@ethersproject/properties" "^5.3.0"

"@ethersproject/address@5.3.0", "@ethersproject/address@^5.3.0":
  version "5.3.0"
  resolved "https://registry.yarnpkg.com/@ethersproject/address/-/address-5.3.0.tgz#e53b69eacebf332e8175de814c5e6507d6932518"
  integrity sha512-29TgjzEBK+gUEUAOfWCG7s9IxLNLCqvr+oDSk6L9TXD0VLvZJKhJV479tKQqheVA81OeGxfpdxYtUVH8hqlCvA==
  dependencies:
    "@ethersproject/bignumber" "^5.3.0"
    "@ethersproject/bytes" "^5.3.0"
    "@ethersproject/keccak256" "^5.3.0"
    "@ethersproject/logger" "^5.3.0"
    "@ethersproject/rlp" "^5.3.0"

"@ethersproject/base64@5.3.0", "@ethersproject/base64@^5.3.0":
  version "5.3.0"
  resolved "https://registry.yarnpkg.com/@ethersproject/base64/-/base64-5.3.0.tgz#b831fb35418b42ad24d943c557259062b8640824"
  integrity sha512-JIqgtOmgKcbc2sjGWTXyXktqUhvFUDte8fPVsAaOrcPiJf6YotNF+nsrOYGC9pbHBEGSuSBp3QR0varkO8JHEw==
  dependencies:
    "@ethersproject/bytes" "^5.3.0"

"@ethersproject/basex@5.3.0", "@ethersproject/basex@^5.3.0":
  version "5.3.0"
  resolved "https://registry.yarnpkg.com/@ethersproject/basex/-/basex-5.3.0.tgz#02dea3ab8559ae625c6d548bc11773432255c916"
  integrity sha512-8J4nS6t/SOnoCgr3DF5WCSRLC5YwTKYpZWJqeyYQLX+86TwPhtzvHXacODzcDII9tWKhVg6g0Bka8JCBWXsCiQ==
  dependencies:
    "@ethersproject/bytes" "^5.3.0"
    "@ethersproject/properties" "^5.3.0"

"@ethersproject/bignumber@5.3.0", "@ethersproject/bignumber@^5.3.0":
  version "5.3.0"
  resolved "https://registry.yarnpkg.com/@ethersproject/bignumber/-/bignumber-5.3.0.tgz#74ab2ec9c3bda4e344920565720a6ee9c794e9db"
  integrity sha512-5xguJ+Q1/zRMgHgDCaqAexx/8DwDVLRemw2i6uR8KyGjwGdXI8f32QZZ1cKGucBN6ekJvpUpHy6XAuQnTv0mPA==
  dependencies:
    "@ethersproject/bytes" "^5.3.0"
    "@ethersproject/logger" "^5.3.0"
    bn.js "^4.11.9"

"@ethersproject/bytes@5.3.0", "@ethersproject/bytes@^5.3.0":
  version "5.3.0"
  resolved "https://registry.yarnpkg.com/@ethersproject/bytes/-/bytes-5.3.0.tgz#473e0da7f831d535b2002be05e6f4ca3729a1bc9"
  integrity sha512-rqLJjdVqCcn7glPer7Fxh87PRqlnRScVAoxcIP3PmOUNApMWJ6yRdOFfo2KvPAdO7Le3yEI1o0YW+Yvr7XCYvw==
  dependencies:
    "@ethersproject/logger" "^5.3.0"

"@ethersproject/constants@5.3.0", "@ethersproject/constants@^5.3.0":
  version "5.3.0"
  resolved "https://registry.yarnpkg.com/@ethersproject/constants/-/constants-5.3.0.tgz#a5d6d86c0eec2c64c3024479609493b9afb3fc77"
  integrity sha512-4y1feNOwEpgjAfiCFWOHznvv6qUF/H6uI0UKp8xdhftb+H+FbKflXg1pOgH5qs4Sr7EYBL+zPyPb+YD5g1aEyw==
  dependencies:
    "@ethersproject/bignumber" "^5.3.0"

"@ethersproject/contracts@5.3.0":
  version "5.3.0"
  resolved "https://registry.yarnpkg.com/@ethersproject/contracts/-/contracts-5.3.0.tgz#ad699a3abaae30bfb6422cf31813a663b2d4099c"
  integrity sha512-eDyQ8ltykvyQqnGZxb/c1e0OnEtzqXhNNC4BX8nhYBCaoBrYYuK/1fLmyEvc5+XUMoxNhwpYkoSSwvPLci7/Zg==
  dependencies:
    "@ethersproject/abi" "^5.3.0"
    "@ethersproject/abstract-provider" "^5.3.0"
    "@ethersproject/abstract-signer" "^5.3.0"
    "@ethersproject/address" "^5.3.0"
    "@ethersproject/bignumber" "^5.3.0"
    "@ethersproject/bytes" "^5.3.0"
    "@ethersproject/constants" "^5.3.0"
    "@ethersproject/logger" "^5.3.0"
    "@ethersproject/properties" "^5.3.0"
    "@ethersproject/transactions" "^5.3.0"

"@ethersproject/hash@5.3.0", "@ethersproject/hash@^5.3.0":
  version "5.3.0"
  resolved "https://registry.yarnpkg.com/@ethersproject/hash/-/hash-5.3.0.tgz#f65e3bf3db3282df4da676db6cfa049535dd3643"
  integrity sha512-gAFZSjUPQ32CIfoKSMtMEQ+IO0kQxqhwz9fCIFt2DtAq2u4pWt8mL9Z5P0r6KkLcQU8LE9FmuPPyd+JvBzmr1w==
  dependencies:
    "@ethersproject/abstract-signer" "^5.3.0"
    "@ethersproject/address" "^5.3.0"
    "@ethersproject/bignumber" "^5.3.0"
    "@ethersproject/bytes" "^5.3.0"
    "@ethersproject/keccak256" "^5.3.0"
    "@ethersproject/logger" "^5.3.0"
    "@ethersproject/properties" "^5.3.0"
    "@ethersproject/strings" "^5.3.0"

"@ethersproject/hdnode@5.3.0", "@ethersproject/hdnode@^5.3.0":
  version "5.3.0"
  resolved "https://registry.yarnpkg.com/@ethersproject/hdnode/-/hdnode-5.3.0.tgz#26fed65ffd5c25463fddff13f5fb4e5617553c94"
  integrity sha512-zLmmtLNoDMGoYRdjOab01Zqkvp+TmZyCGDAMQF1Bs3yZyBs/kzTNi1qJjR1jVUcPP5CWGtjFwY8iNG8oNV9J8g==
  dependencies:
    "@ethersproject/abstract-signer" "^5.3.0"
    "@ethersproject/basex" "^5.3.0"
    "@ethersproject/bignumber" "^5.3.0"
    "@ethersproject/bytes" "^5.3.0"
    "@ethersproject/logger" "^5.3.0"
    "@ethersproject/pbkdf2" "^5.3.0"
    "@ethersproject/properties" "^5.3.0"
    "@ethersproject/sha2" "^5.3.0"
    "@ethersproject/signing-key" "^5.3.0"
    "@ethersproject/strings" "^5.3.0"
    "@ethersproject/transactions" "^5.3.0"
    "@ethersproject/wordlists" "^5.3.0"

"@ethersproject/json-wallets@5.3.0", "@ethersproject/json-wallets@^5.3.0":
  version "5.3.0"
  resolved "https://registry.yarnpkg.com/@ethersproject/json-wallets/-/json-wallets-5.3.0.tgz#7b1a5ff500c12aa8597ae82c8939837b0449376e"
  integrity sha512-/xwbqaIb5grUIGNmeEaz8GdcpmDr++X8WT4Jqcclnxow8PXCUHFeDxjf3O+nSuoqOYG/Ds0+BI5xuQKbva6Xkw==
  dependencies:
    "@ethersproject/abstract-signer" "^5.3.0"
    "@ethersproject/address" "^5.3.0"
    "@ethersproject/bytes" "^5.3.0"
    "@ethersproject/hdnode" "^5.3.0"
    "@ethersproject/keccak256" "^5.3.0"
    "@ethersproject/logger" "^5.3.0"
    "@ethersproject/pbkdf2" "^5.3.0"
    "@ethersproject/properties" "^5.3.0"
    "@ethersproject/random" "^5.3.0"
    "@ethersproject/strings" "^5.3.0"
    "@ethersproject/transactions" "^5.3.0"
    aes-js "3.0.0"
    scrypt-js "3.0.1"

"@ethersproject/keccak256@5.3.0", "@ethersproject/keccak256@^5.3.0":
  version "5.3.0"
  resolved "https://registry.yarnpkg.com/@ethersproject/keccak256/-/keccak256-5.3.0.tgz#fb5cd36bdfd6fa02e2ea84964078a9fc6bd731be"
  integrity sha512-Gv2YqgIUmRbYVNIibafT0qGaeGYLIA/EdWHJ7JcVxVSs2vyxafGxOJ5VpSBHWeOIsE6OOaCelYowhuuTicgdFQ==
  dependencies:
    "@ethersproject/bytes" "^5.3.0"
    js-sha3 "0.5.7"

"@ethersproject/logger@5.3.0", "@ethersproject/logger@^5.3.0":
  version "5.3.0"
  resolved "https://registry.yarnpkg.com/@ethersproject/logger/-/logger-5.3.0.tgz#7a69fa1d4ca0d4b7138da1627eb152f763d84dd0"
  integrity sha512-8bwJ2gxJGkZZnpQSq5uSiZSJjyVTWmlGft4oH8vxHdvO1Asy4TwVepAhPgxIQIMxXZFUNMych1YjIV4oQ4I7dA==

"@ethersproject/networks@5.3.0", "@ethersproject/networks@^5.3.0":
  version "5.3.0"
  resolved "https://registry.yarnpkg.com/@ethersproject/networks/-/networks-5.3.0.tgz#d8ad06eb107c69fb8651f4c81ddd0e88944fdfea"
  integrity sha512-XGbD9MMgqrR7SYz8o6xVgdG+25v7YT5vQG8ZdlcLj2I7elOBM7VNeQrnxfSN7rWQNcqu2z80OM29gGbQz+4Low==
  dependencies:
    "@ethersproject/logger" "^5.3.0"

"@ethersproject/pbkdf2@5.3.0", "@ethersproject/pbkdf2@^5.3.0":
  version "5.3.0"
  resolved "https://registry.yarnpkg.com/@ethersproject/pbkdf2/-/pbkdf2-5.3.0.tgz#8adbb41489c3c9f319cc44bc7d3e6095fd468dc8"
  integrity sha512-Q9ChVU6gBFiex0FSdtzo4b0SAKz3ZYcYVFLrEWHL0FnHvNk3J3WgAtRNtBQGQYn/T5wkoTdZttMbfBkFlaiWcA==
  dependencies:
    "@ethersproject/bytes" "^5.3.0"
    "@ethersproject/sha2" "^5.3.0"

"@ethersproject/properties@5.3.0", "@ethersproject/properties@^5.3.0":
  version "5.3.0"
  resolved "https://registry.yarnpkg.com/@ethersproject/properties/-/properties-5.3.0.tgz#feef4c4babeb7c10a6b3449575016f4ad2c092b2"
  integrity sha512-PaHxJyM5/bfusk6vr3yP//JMnm4UEojpzuWGTmtL5X4uNhNnFNvlYilZLyDr4I9cTkIbipCMsAuIcXWsmdRnEw==
  dependencies:
    "@ethersproject/logger" "^5.3.0"

"@ethersproject/providers@5.3.0":
  version "5.3.0"
  resolved "https://registry.yarnpkg.com/@ethersproject/providers/-/providers-5.3.0.tgz#bccb49f1073a7d56e24f49abb14bb281c9b08636"
  integrity sha512-HtL+DEbzPcRyfrkrMay7Rk/4he+NbUpzI/wHXP4Cqtra82nQOnqqCgTQc4HbdDrl75WVxG/JRMFhyneIPIMZaA==
  dependencies:
    "@ethersproject/abstract-provider" "^5.3.0"
    "@ethersproject/abstract-signer" "^5.3.0"
    "@ethersproject/address" "^5.3.0"
    "@ethersproject/basex" "^5.3.0"
    "@ethersproject/bignumber" "^5.3.0"
    "@ethersproject/bytes" "^5.3.0"
    "@ethersproject/constants" "^5.3.0"
    "@ethersproject/hash" "^5.3.0"
    "@ethersproject/logger" "^5.3.0"
    "@ethersproject/networks" "^5.3.0"
    "@ethersproject/properties" "^5.3.0"
    "@ethersproject/random" "^5.3.0"
    "@ethersproject/rlp" "^5.3.0"
    "@ethersproject/sha2" "^5.3.0"
    "@ethersproject/strings" "^5.3.0"
    "@ethersproject/transactions" "^5.3.0"
    "@ethersproject/web" "^5.3.0"
    bech32 "1.1.4"
    ws "7.4.6"

"@ethersproject/random@5.3.0", "@ethersproject/random@^5.3.0":
  version "5.3.0"
  resolved "https://registry.yarnpkg.com/@ethersproject/random/-/random-5.3.0.tgz#7c46bf36e50cb0d0550bc8c666af8e1d4496dc1a"
  integrity sha512-A5SL/4inutSwt3Fh2OD0x2gz+x6GHmuUnIPkR7zAiTidMD2N8F6tZdMF1hlQKWVCcVMWhEQg8mWijhEzm6BBYw==
  dependencies:
    "@ethersproject/bytes" "^5.3.0"
    "@ethersproject/logger" "^5.3.0"

"@ethersproject/rlp@5.3.0", "@ethersproject/rlp@^5.3.0":
  version "5.3.0"
  resolved "https://registry.yarnpkg.com/@ethersproject/rlp/-/rlp-5.3.0.tgz#7cb93a7b5dfa69163894153c9d4b0d936f333188"
  integrity sha512-oI0joYpsRanl9guDubaW+1NbcpK0vJ3F/6Wpcanzcnqq+oaW9O5E98liwkEDPcb16BUTLIJ+ZF8GPIHYxJ/5Pw==
  dependencies:
    "@ethersproject/bytes" "^5.3.0"
    "@ethersproject/logger" "^5.3.0"

"@ethersproject/sha2@5.3.0", "@ethersproject/sha2@^5.3.0":
  version "5.3.0"
  resolved "https://registry.yarnpkg.com/@ethersproject/sha2/-/sha2-5.3.0.tgz#209f9a1649f7d2452dcd5e5b94af43b7f3f42366"
  integrity sha512-r5ftlwKcocYEuFz2JbeKOT5SAsCV4m1RJDsTOEfQ5L67ZC7NFDK5i7maPdn1bx4nPhylF9VAwxSrQ1esmwzylg==
  dependencies:
    "@ethersproject/bytes" "^5.3.0"
    "@ethersproject/logger" "^5.3.0"
    hash.js "1.1.7"

"@ethersproject/signing-key@5.3.0", "@ethersproject/signing-key@^5.3.0":
  version "5.3.0"
  resolved "https://registry.yarnpkg.com/@ethersproject/signing-key/-/signing-key-5.3.0.tgz#a96c88f8173e1abedfa35de32d3e5db7c48e5259"
  integrity sha512-+DX/GwHAd0ok1bgedV1cKO0zfK7P/9aEyNoaYiRsGHpCecN7mhLqcdoUiUzE7Uz86LBsxm5ssK0qA1kBB47fbQ==
  dependencies:
    "@ethersproject/bytes" "^5.3.0"
    "@ethersproject/logger" "^5.3.0"
    "@ethersproject/properties" "^5.3.0"
    bn.js "^4.11.9"
    elliptic "6.5.4"
    hash.js "1.1.7"

"@ethersproject/solidity@5.3.0":
  version "5.3.0"
  resolved "https://registry.yarnpkg.com/@ethersproject/solidity/-/solidity-5.3.0.tgz#2a0b00b4aaaef99a080ddea13acab1fa35cd4a93"
  integrity sha512-uLRBaNUiISHbut94XKewJgQh6UmydWTBp71I7I21pkjVXfZO2dJ5EOo3jCnumJc01M4LOm79dlNNmF3oGIvweQ==
  dependencies:
    "@ethersproject/bignumber" "^5.3.0"
    "@ethersproject/bytes" "^5.3.0"
    "@ethersproject/keccak256" "^5.3.0"
    "@ethersproject/sha2" "^5.3.0"
    "@ethersproject/strings" "^5.3.0"

"@ethersproject/strings@5.3.0", "@ethersproject/strings@^5.3.0":
  version "5.3.0"
  resolved "https://registry.yarnpkg.com/@ethersproject/strings/-/strings-5.3.0.tgz#a6b640aab56a18e0909f657da798eef890968ff0"
  integrity sha512-j/AzIGZ503cvhuF2ldRSjB0BrKzpsBMtCieDtn4TYMMZMQ9zScJn9wLzTQl/bRNvJbBE6TOspK0r8/Ngae/f2Q==
  dependencies:
    "@ethersproject/bytes" "^5.3.0"
    "@ethersproject/constants" "^5.3.0"
    "@ethersproject/logger" "^5.3.0"

"@ethersproject/transactions@5.3.0", "@ethersproject/transactions@^5.3.0":
  version "5.3.0"
  resolved "https://registry.yarnpkg.com/@ethersproject/transactions/-/transactions-5.3.0.tgz#49b86f2bafa4d0bdf8e596578fc795ee47c50458"
  integrity sha512-cdfK8VVyW2oEBCXhURG0WQ6AICL/r6Gmjh0e4Bvbv6MCn/GBd8FeBH3rtl7ho+AW50csMKeGv3m3K1HSHB2jMQ==
  dependencies:
    "@ethersproject/address" "^5.3.0"
    "@ethersproject/bignumber" "^5.3.0"
    "@ethersproject/bytes" "^5.3.0"
    "@ethersproject/constants" "^5.3.0"
    "@ethersproject/keccak256" "^5.3.0"
    "@ethersproject/logger" "^5.3.0"
    "@ethersproject/properties" "^5.3.0"
    "@ethersproject/rlp" "^5.3.0"
    "@ethersproject/signing-key" "^5.3.0"

"@ethersproject/units@5.3.0":
  version "5.3.0"
  resolved "https://registry.yarnpkg.com/@ethersproject/units/-/units-5.3.0.tgz#c4d1493532ad3d4ddf6e2bc4f8c94a2db933a8f5"
  integrity sha512-BkfccZGwfJ6Ob+AelpIrgAzuNhrN2VLp3AILnkqTOv+yBdsc83V4AYf25XC/u0rHnWl6f4POaietPwlMqP2vUg==
  dependencies:
    "@ethersproject/bignumber" "^5.3.0"
    "@ethersproject/constants" "^5.3.0"
    "@ethersproject/logger" "^5.3.0"

"@ethersproject/wallet@5.3.0":
  version "5.3.0"
  resolved "https://registry.yarnpkg.com/@ethersproject/wallet/-/wallet-5.3.0.tgz#91946b470bd279e39ade58866f21f92749d062af"
  integrity sha512-boYBLydG6671p9QoG6EinNnNzbm7DNOjVT20eV8J6HQEq4aUaGiA2CytF2vK+2rOEWbzhZqoNDt6AlkE1LlsTg==
  dependencies:
    "@ethersproject/abstract-provider" "^5.3.0"
    "@ethersproject/abstract-signer" "^5.3.0"
    "@ethersproject/address" "^5.3.0"
    "@ethersproject/bignumber" "^5.3.0"
    "@ethersproject/bytes" "^5.3.0"
    "@ethersproject/hash" "^5.3.0"
    "@ethersproject/hdnode" "^5.3.0"
    "@ethersproject/json-wallets" "^5.3.0"
    "@ethersproject/keccak256" "^5.3.0"
    "@ethersproject/logger" "^5.3.0"
    "@ethersproject/properties" "^5.3.0"
    "@ethersproject/random" "^5.3.0"
    "@ethersproject/signing-key" "^5.3.0"
    "@ethersproject/transactions" "^5.3.0"
    "@ethersproject/wordlists" "^5.3.0"

"@ethersproject/web@5.3.0", "@ethersproject/web@^5.3.0":
  version "5.3.0"
  resolved "https://registry.yarnpkg.com/@ethersproject/web/-/web-5.3.0.tgz#7959c403f6476c61515008d8f92da51c553a8ee1"
  integrity sha512-Ni6/DHnY6k/TD41LEkv0RQDx4jqWz5e/RZvrSecsxGYycF+MFy2z++T/yGc2peRunLOTIFwEksgEGGlbwfYmhQ==
  dependencies:
    "@ethersproject/base64" "^5.3.0"
    "@ethersproject/bytes" "^5.3.0"
    "@ethersproject/logger" "^5.3.0"
    "@ethersproject/properties" "^5.3.0"
    "@ethersproject/strings" "^5.3.0"

"@ethersproject/wordlists@5.3.0", "@ethersproject/wordlists@^5.3.0":
  version "5.3.0"
  resolved "https://registry.yarnpkg.com/@ethersproject/wordlists/-/wordlists-5.3.0.tgz#45a0205f5178c1de33d316cb2ab7ed5eac3c06c5"
  integrity sha512-JcwumCZcsUxgWpiFU/BRy6b4KlTRdOmYvOKZcAw/3sdF93/pZyPW5Od2hFkHS8oWp4xS06YQ+qHqQhdcxdHafQ==
  dependencies:
    "@ethersproject/bytes" "^5.3.0"
    "@ethersproject/hash" "^5.3.0"
    "@ethersproject/logger" "^5.3.0"
    "@ethersproject/properties" "^5.3.0"
    "@ethersproject/strings" "^5.3.0"

"@google-cloud/bigquery@^5.6.0":
  version "5.6.0"
  resolved "https://registry.yarnpkg.com/@google-cloud/bigquery/-/bigquery-5.6.0.tgz#1f45b23eec328bafe254c193f0f34386a4fe3e7c"
  integrity sha512-uWeDCwI33L+4bx6xrVuDqGwgIqafd3Bfr0UfGAZzLYfiEStZqf8H8c8G8A/6WpUXWA3cNlYpd+KfMCcXmVg9oA==
  dependencies:
    "@google-cloud/common" "^3.1.0"
    "@google-cloud/paginator" "^3.0.0"
    "@google-cloud/promisify" "^2.0.0"
    arrify "^2.0.1"
    big.js "^6.0.0"
    duplexify "^4.0.0"
    extend "^3.0.2"
    is "^3.3.0"
    p-event "^4.1.0"
    stream-events "^1.0.5"
    uuid "^8.0.0"

"@google-cloud/common@^3.1.0":
  version "3.6.0"
  resolved "https://registry.yarnpkg.com/@google-cloud/common/-/common-3.6.0.tgz#c2f6da5f79279a4a9ac7c71fc02d582beab98e8b"
  integrity sha512-aHIFTqJZmeTNO9md8XxV+ywuvXF3xBm5WNmgWeeCK+XN5X+kGW0WEX94wGwj+/MdOnrVf4dL2RvSIt9J5yJG6Q==
  dependencies:
    "@google-cloud/projectify" "^2.0.0"
    "@google-cloud/promisify" "^2.0.0"
    arrify "^2.0.1"
    duplexify "^4.1.1"
    ent "^2.2.0"
    extend "^3.0.2"
    google-auth-library "^7.0.2"
    retry-request "^4.1.1"
    teeny-request "^7.0.0"

"@google-cloud/paginator@^3.0.0":
  version "3.0.5"
  resolved "https://registry.yarnpkg.com/@google-cloud/paginator/-/paginator-3.0.5.tgz#9d6b96c421a89bd560c1bc2c197c7611ef21db6c"
  integrity sha512-N4Uk4BT1YuskfRhKXBs0n9Lg2YTROZc6IMpkO/8DIHODtm5s3xY8K5vVBo23v/2XulY3azwITQlYWgT4GdLsUw==
  dependencies:
    arrify "^2.0.0"
    extend "^3.0.2"

"@google-cloud/projectify@^2.0.0":
  version "2.0.1"
  resolved "https://registry.yarnpkg.com/@google-cloud/projectify/-/projectify-2.0.1.tgz#13350ee609346435c795bbfe133a08dfeab78d65"
  integrity sha512-ZDG38U/Yy6Zr21LaR3BTiiLtpJl6RkPS/JwoRT453G+6Q1DhlV0waNf8Lfu+YVYGIIxgKnLayJRfYlFJfiI8iQ==

"@google-cloud/promisify@^2.0.0":
  version "2.0.3"
  resolved "https://registry.yarnpkg.com/@google-cloud/promisify/-/promisify-2.0.3.tgz#f934b5cdc939e3c7039ff62b9caaf59a9d89e3a8"
  integrity sha512-d4VSA86eL/AFTe5xtyZX+ePUjE8dIFu2T8zmdeNBSa5/kNgXPCx/o/wbFNHAGLJdGnk1vddRuMESD9HbOC8irw==

"@tootallnate/once@1":
  version "1.1.2"
  resolved "https://registry.yarnpkg.com/@tootallnate/once/-/once-1.1.2.tgz#ccb91445360179a04e7fe6aff78c00ffc1eeaf82"
  integrity sha512-RbzJvlNzmRq5c3O09UipeuXno4tA1FE6ikOjxZK0tuxVv3412l64l5t1W5pj4+rJq9vpkm/kwiR07aZXnsKPxw==

"@tsconfig/node10@^1.0.7":
  version "1.0.7"
  resolved "https://registry.yarnpkg.com/@tsconfig/node10/-/node10-1.0.7.tgz#1eb1de36c73478a2479cc661ef5af1c16d86d606"
  integrity sha512-aBvUmXLQbayM4w3A8TrjwrXs4DZ8iduJnuJLLRGdkWlyakCf1q6uHZJBzXoRA/huAEknG5tcUyQxN3A+In5euQ==

"@tsconfig/node12@^1.0.7":
  version "1.0.7"
  resolved "https://registry.yarnpkg.com/@tsconfig/node12/-/node12-1.0.7.tgz#677bd9117e8164dc319987dd6ff5fc1ba6fbf18b"
  integrity sha512-dgasobK/Y0wVMswcipr3k0HpevxFJLijN03A8mYfEPvWvOs14v0ZlYTR4kIgMx8g4+fTyTFv8/jLCIfRqLDJ4A==

"@tsconfig/node14@^1.0.0":
  version "1.0.0"
  resolved "https://registry.yarnpkg.com/@tsconfig/node14/-/node14-1.0.0.tgz#5bd046e508b1ee90bc091766758838741fdefd6e"
  integrity sha512-RKkL8eTdPv6t5EHgFKIVQgsDapugbuOptNd9OOunN/HAkzmmTnZELx1kNCK0rSdUYGmiFMM3rRQMAWiyp023LQ==

"@tsconfig/node16@^1.0.1":
  version "1.0.1"
  resolved "https://registry.yarnpkg.com/@tsconfig/node16/-/node16-1.0.1.tgz#a6ca6a9a0ff366af433f42f5f0e124794ff6b8f1"
  integrity sha512-FTgBI767POY/lKNDNbIzgAX6miIDBs6NTCbdlDb8TrWovHsSvaVIZDlTqym29C6UqhzwcJx4CYr+AlrMywA0cA==

"@types/node-fetch@^2.5.10":
  version "2.5.10"
  resolved "https://registry.yarnpkg.com/@types/node-fetch/-/node-fetch-2.5.10.tgz#9b4d4a0425562f9fcea70b12cb3fcdd946ca8132"
  integrity sha512-IpkX0AasN44hgEad0gEF/V6EgR5n69VEqPEgnmoM8GsIGro3PowbWs4tR6IhxUTyPLpOn+fiGG6nrQhcmoCuIQ==
  dependencies:
    "@types/node" "*"
    form-data "^3.0.0"

"@types/node@*":
  version "15.9.0"
  resolved "https://registry.yarnpkg.com/@types/node/-/node-15.9.0.tgz#0b7f6c33ca5618fe329a9d832b478b4964d325a8"
  integrity sha512-AR1Vq1Ei1GaA5FjKL5PBqblTZsL5M+monvGSZwe6sSIdGiuu7Xr/pNwWJY+0ZQuN8AapD/XMB5IzBAyYRFbocA==

"@types/node@^15.6.1":
  version "15.6.1"
  resolved "https://registry.yarnpkg.com/@types/node/-/node-15.6.1.tgz#32d43390d5c62c5b6ec486a9bc9c59544de39a08"
  integrity sha512-7EIraBEyRHEe7CH+Fm1XvgqU6uwZN8Q7jppJGcqjROMT29qhAuuOxYB1uEY5UMYQKEmA5D+5tBnhdaPXSsLONA==

abort-controller@^3.0.0:
  version "3.0.0"
  resolved "https://registry.yarnpkg.com/abort-controller/-/abort-controller-3.0.0.tgz#eaf54d53b62bae4138e809ca225c8439a6efb392"
  integrity sha512-h8lQ8tacZYnR3vNQTgibj+tODHI5/+l06Au2Pcriv/Gmet0eaj4TwWH41sO9wnHDiQsEj19q0drzdWdeAHtweg==
  dependencies:
    event-target-shim "^5.0.0"

aes-js@3.0.0:
  version "3.0.0"
  resolved "https://registry.yarnpkg.com/aes-js/-/aes-js-3.0.0.tgz#e21df10ad6c2053295bcbb8dab40b09dbea87e4d"
  integrity sha1-4h3xCtbCBTKVvLuNq0Cwnb6ofk0=

agent-base@6:
  version "6.0.2"
  resolved "https://registry.yarnpkg.com/agent-base/-/agent-base-6.0.2.tgz#49fff58577cfee3f37176feab4c22e00f86d7f77"
  integrity sha512-RZNwNclF7+MS/8bDg70amg32dyeZGZxiDuQmZxKLAlQjr3jGyLx+4Kkk58UO7D2QdgFIQCovuSuZESne6RG6XQ==
  dependencies:
    debug "4"

ansi-styles@^4.1.0:
  version "4.3.0"
  resolved "https://registry.yarnpkg.com/ansi-styles/-/ansi-styles-4.3.0.tgz#edd803628ae71c04c85ae7a0906edad34b648937"
  integrity sha512-zbB9rCJAT1rbjiVDb2hqKFHNYLxgtk8NURxZ3IZwD3F6NtxbXZQCnnSi1Lkx+IDohdPlFp222wVALIheZJQSEg==
  dependencies:
    color-convert "^2.0.1"

arg@^4.1.0:
  version "4.1.3"
  resolved "https://registry.yarnpkg.com/arg/-/arg-4.1.3.tgz#269fc7ad5b8e42cb63c896d5666017261c144089"
  integrity sha512-58S9QDqG0Xx27YwPSt9fJxivjYl432YCwfDMfZ+71RAqUrZef7LrKQZ3LHLOwCS4FLNBplP533Zx895SeOCHvA==

arrify@^2.0.0, arrify@^2.0.1:
  version "2.0.1"
  resolved "https://registry.yarnpkg.com/arrify/-/arrify-2.0.1.tgz#c9655e9331e0abcd588d2a7cad7e9956f66701fa"
  integrity sha512-3duEwti880xqi4eAMN8AyR4a0ByT90zoYdLlevfrvU43vb0YZwZVfxOgxWrLXXXpyugL0hNZc9G6BiB5B3nUug==

asynckit@^0.4.0:
  version "0.4.0"
  resolved "https://registry.yarnpkg.com/asynckit/-/asynckit-0.4.0.tgz#c79ed97f7f34cb8f2ba1bc9790bcc366474b4b79"
  integrity sha1-x57Zf380y48robyXkLzDZkdLS3k=

base64-js@^1.3.0:
  version "1.5.1"
  resolved "https://registry.yarnpkg.com/base64-js/-/base64-js-1.5.1.tgz#1b1b440160a5bf7ad40b650f095963481903930a"
  integrity sha512-AKpaYlHn8t4SVbOHCy+b5+KKgvR4vrsD8vbvrbiQJps7fKDTkjkDry6ji0rUJjC0kzbNePLwzxq8iypo41qeWA==

bech32@1.1.4:
  version "1.1.4"
  resolved "https://registry.yarnpkg.com/bech32/-/bech32-1.1.4.tgz#e38c9f37bf179b8eb16ae3a772b40c356d4832e9"
  integrity sha512-s0IrSOzLlbvX7yp4WBfPITzpAU8sqQcpsmwXDiKwrG4r491vwCO/XpejasRNl0piBMe/DvP4Tz0mIS/X1DPJBQ==

big.js@^6.0.0:
  version "6.1.1"
  resolved "https://registry.yarnpkg.com/big.js/-/big.js-6.1.1.tgz#63b35b19dc9775c94991ee5db7694880655d5537"
  integrity sha512-1vObw81a8ylZO5ePrtMay0n018TcftpTA5HFKDaSuiUDBo8biRBtjIobw60OpwuvrGk+FsxKamqN4cnmj/eXdg==

bignumber.js@^9.0.0:
  version "9.0.1"
  resolved "https://registry.yarnpkg.com/bignumber.js/-/bignumber.js-9.0.1.tgz#8d7ba124c882bfd8e43260c67475518d0689e4e5"
  integrity sha512-IdZR9mh6ahOBv/hYGiXyVuyCetmGJhtYkqLBpTStdhEGjegpPlUawydyaF3pbIOFynJTpllEs+NP+CS9jKFLjA==

bn.js@^4.11.9:
  version "4.12.0"
  resolved "https://registry.yarnpkg.com/bn.js/-/bn.js-4.12.0.tgz#775b3f278efbb9718eec7361f483fb36fbbfea88"
  integrity sha512-c98Bf3tPniI+scsdk237ku1Dc3ujXQTSgyiPUDEOe7tRkhrqridvh8klBv0HCEso1OLOYcHuCv/cS6DNxKH+ZA==

brorand@^1.1.0:
  version "1.1.0"
  resolved "https://registry.yarnpkg.com/brorand/-/brorand-1.1.0.tgz#12c25efe40a45e3c323eb8675a0a0ce57b22371f"
  integrity sha1-EsJe/kCkXjwyPrhnWgoM5XsiNx8=

buffer-equal-constant-time@1.0.1:
  version "1.0.1"
  resolved "https://registry.yarnpkg.com/buffer-equal-constant-time/-/buffer-equal-constant-time-1.0.1.tgz#f8e71132f7ffe6e01a5c9697a4c6f3e48d5cc819"
  integrity sha1-+OcRMvf/5uAaXJaXpMbz5I1cyBk=

buffer-from@^1.0.0:
  version "1.1.1"
  resolved "https://registry.yarnpkg.com/buffer-from/-/buffer-from-1.1.1.tgz#32713bc028f75c02fdb710d7c7bcec1f2c6070ef"
  integrity sha512-MQcXEUbCKtEo7bhqEs6560Hyd4XaovZlO/k9V3hjVUF/zwW7KBVdSK4gIt/bzwS9MbR5qob+F5jusZsb0YQK2A==

chalk@^4.1.1:
  version "4.1.1"
  resolved "https://registry.yarnpkg.com/chalk/-/chalk-4.1.1.tgz#c80b3fab28bf6371e6863325eee67e618b77e6ad"
  integrity sha512-diHzdDKxcU+bAsUboHLPEDQiw0qEe0qd7SYUn3HgcFlWgbDcfLGswOHYeGrHKzG9z6UYf01d9VFMfZxPM1xZSg==
  dependencies:
    ansi-styles "^4.1.0"
    supports-color "^7.1.0"

color-convert@^2.0.1:
  version "2.0.1"
  resolved "https://registry.yarnpkg.com/color-convert/-/color-convert-2.0.1.tgz#72d3a68d598c9bdb3af2ad1e84f21d896abd4de3"
  integrity sha512-RRECPsj7iu/xb5oKYcsFHSppFNnsj/52OVTRKb4zP5onXwVF3zVmmToNcOfGC+CRDpfK/U584fMg38ZHCaElKQ==
  dependencies:
    color-name "~1.1.4"

color-name@~1.1.4:
  version "1.1.4"
  resolved "https://registry.yarnpkg.com/color-name/-/color-name-1.1.4.tgz#c2a09a87acbde69543de6f63fa3995c826c536a2"
  integrity sha512-dOy+3AuW3a2wNbZHIuMZpTcgjGuLU/uBL/ubcZF9OXbDo8ff4O8yVp5Bf0efS8uEoYo5q4Fx7dY9OgQGXgAsQA==

combined-stream@^1.0.8:
  version "1.0.8"
  resolved "https://registry.yarnpkg.com/combined-stream/-/combined-stream-1.0.8.tgz#c3d45a8b34fd730631a110a8a2520682b31d5a7f"
  integrity sha512-FQN4MRfuJeHf7cBbBMJFXhKSDq+2kAArBlmRBvcvFE5BB1HZKXtSFASDhdlz9zOYwxh8lDdnvmMOe/+5cdoEdg==
  dependencies:
    delayed-stream "~1.0.0"

create-require@^1.1.0:
  version "1.1.1"
  resolved "https://registry.yarnpkg.com/create-require/-/create-require-1.1.1.tgz#c1d7e8f1e5f6cfc9ff65f9cd352d37348756c333"
  integrity sha512-dcKFX3jn0MpIaXjisoRvexIJVEKzaq7z2rZKxf+MSr9TkdmHmsU4m2lcLojrj/FHl8mk5VxMmYA+ftRkP/3oKQ==

debug@4, debug@^4.1.1:
  version "4.3.1"
  resolved "https://registry.yarnpkg.com/debug/-/debug-4.3.1.tgz#f0d229c505e0c6d8c49ac553d1b13dc183f6b2ee"
  integrity sha512-doEwdvm4PCeK4K3RQN2ZC2BYUBaxwLARCqZmMjtF8a51J2Rb0xpVloFRnCODwqjpwnAoao4pelN8l3RJdv3gRQ==
  dependencies:
    ms "2.1.2"

delayed-stream@~1.0.0:
  version "1.0.0"
  resolved "https://registry.yarnpkg.com/delayed-stream/-/delayed-stream-1.0.0.tgz#df3ae199acadfb7d440aaae0b29e2272b24ec619"
  integrity sha1-3zrhmayt+31ECqrgsp4icrJOxhk=

diff@^4.0.1:
  version "4.0.2"
  resolved "https://registry.yarnpkg.com/diff/-/diff-4.0.2.tgz#60f3aecb89d5fae520c11aa19efc2bb982aade7d"
  integrity sha512-58lmxKSA4BNyLz+HHMUzlOEpg09FV+ev6ZMe3vJihgdxzgcwZ8VoEEPmALCZG9LmqfVoNMMKpttIYTVG6uDY7A==

dotenv@^10.0.0:
  version "10.0.0"
  resolved "https://registry.yarnpkg.com/dotenv/-/dotenv-10.0.0.tgz#3d4227b8fb95f81096cdd2b66653fb2c7085ba81"
  integrity sha512-rlBi9d8jpv9Sf1klPjNfFAuWDjKLwTIJJ/VxtoTwIR6hnZxcEOQCZg2oIL3MWBYw5GpUDKOEnND7LXTbIpQ03Q==

duplexify@^4.0.0, duplexify@^4.1.1:
  version "4.1.1"
  resolved "https://registry.yarnpkg.com/duplexify/-/duplexify-4.1.1.tgz#7027dc374f157b122a8ae08c2d3ea4d2d953aa61"
  integrity sha512-DY3xVEmVHTv1wSzKNbwoU6nVjzI369Y6sPoqfYr0/xlx3IdX2n94xIszTcjPO8W8ZIv0Wb0PXNcjuZyT4wiICA==
  dependencies:
    end-of-stream "^1.4.1"
    inherits "^2.0.3"
    readable-stream "^3.1.1"
    stream-shift "^1.0.0"

ecdsa-sig-formatter@1.0.11, ecdsa-sig-formatter@^1.0.11:
  version "1.0.11"
  resolved "https://registry.yarnpkg.com/ecdsa-sig-formatter/-/ecdsa-sig-formatter-1.0.11.tgz#ae0f0fa2d85045ef14a817daa3ce9acd0489e5bf"
  integrity sha512-nagl3RYrbNv6kQkeJIpt6NJZy8twLB/2vtz6yN9Z4vRKHN4/QZJIEbqohALSgwKdnksuY3k5Addp5lg8sVoVcQ==
  dependencies:
    safe-buffer "^5.0.1"

elliptic@6.5.4:
  version "6.5.4"
  resolved "https://registry.yarnpkg.com/elliptic/-/elliptic-6.5.4.tgz#da37cebd31e79a1367e941b592ed1fbebd58abbb"
  integrity sha512-iLhC6ULemrljPZb+QutR5TQGB+pdW6KGD5RSegS+8sorOZT+rdQFbsQFJgvN3eRqNALqJer4oQ16YvJHlU8hzQ==
  dependencies:
    bn.js "^4.11.9"
    brorand "^1.1.0"
    hash.js "^1.0.0"
    hmac-drbg "^1.0.1"
    inherits "^2.0.4"
    minimalistic-assert "^1.0.1"
    minimalistic-crypto-utils "^1.0.1"

end-of-stream@^1.4.1:
  version "1.4.4"
  resolved "https://registry.yarnpkg.com/end-of-stream/-/end-of-stream-1.4.4.tgz#5ae64a5f45057baf3626ec14da0ca5e4b2431eb0"
  integrity sha512-+uw1inIHVPQoaVuHzRyXd21icM+cnt4CzD5rW+NC1wjOUSTOs+Te7FOv7AhN7vS9x/oIyhLP5PR1H+phQAHu5Q==
  dependencies:
    once "^1.4.0"

ent@^2.2.0:
  version "2.2.0"
  resolved "https://registry.yarnpkg.com/ent/-/ent-2.2.0.tgz#e964219325a21d05f44466a2f686ed6ce5f5dd1d"
  integrity sha1-6WQhkyWiHQX0RGai9obtbOX13R0=

ethers@^5.3.0:
  version "5.3.0"
  resolved "https://registry.yarnpkg.com/ethers/-/ethers-5.3.0.tgz#1ec14d09c461e8f2554b00cd080e94a3094e7e9d"
  integrity sha512-myN+338S4sFQZvQ9trii7xit8Hu/LnUtjA0ROFOHpUreQc3fgLZEMNVqF3vM1u2D78DIIeG1TbuozVCVlXQWvQ==
  dependencies:
    "@ethersproject/abi" "5.3.0"
    "@ethersproject/abstract-provider" "5.3.0"
    "@ethersproject/abstract-signer" "5.3.0"
    "@ethersproject/address" "5.3.0"
    "@ethersproject/base64" "5.3.0"
    "@ethersproject/basex" "5.3.0"
    "@ethersproject/bignumber" "5.3.0"
    "@ethersproject/bytes" "5.3.0"
    "@ethersproject/constants" "5.3.0"
    "@ethersproject/contracts" "5.3.0"
    "@ethersproject/hash" "5.3.0"
    "@ethersproject/hdnode" "5.3.0"
    "@ethersproject/json-wallets" "5.3.0"
    "@ethersproject/keccak256" "5.3.0"
    "@ethersproject/logger" "5.3.0"
    "@ethersproject/networks" "5.3.0"
    "@ethersproject/pbkdf2" "5.3.0"
    "@ethersproject/properties" "5.3.0"
    "@ethersproject/providers" "5.3.0"
    "@ethersproject/random" "5.3.0"
    "@ethersproject/rlp" "5.3.0"
    "@ethersproject/sha2" "5.3.0"
    "@ethersproject/signing-key" "5.3.0"
    "@ethersproject/solidity" "5.3.0"
    "@ethersproject/strings" "5.3.0"
    "@ethersproject/transactions" "5.3.0"
    "@ethersproject/units" "5.3.0"
    "@ethersproject/wallet" "5.3.0"
    "@ethersproject/web" "5.3.0"
    "@ethersproject/wordlists" "5.3.0"

event-target-shim@^5.0.0:
  version "5.0.1"
  resolved "https://registry.yarnpkg.com/event-target-shim/-/event-target-shim-5.0.1.tgz#5d4d3ebdf9583d63a5333ce2deb7480ab2b05789"
  integrity sha512-i/2XbnSz/uxRCU6+NdVJgKWDTM427+MqYbkQzD321DuCQJUqOuJKIA0IM2+W2xtYHdKOmZ4dR6fExsd4SXL+WQ==

extend@^3.0.2:
  version "3.0.2"
  resolved "https://registry.yarnpkg.com/extend/-/extend-3.0.2.tgz#f8b1136b4071fbd8eb140aff858b1019ec2915fa"
  integrity sha512-fjquC59cD7CyW6urNXK0FBufkZcoiGG80wTuPujX590cB5Ttln20E2UB4S/WARVqhXffZl2LNgS+gQdPIIim/g==

fast-text-encoding@^1.0.0:
  version "1.0.3"
  resolved "https://registry.yarnpkg.com/fast-text-encoding/-/fast-text-encoding-1.0.3.tgz#ec02ac8e01ab8a319af182dae2681213cfe9ce53"
  integrity sha512-dtm4QZH9nZtcDt8qJiOH9fcQd1NAgi+K1O2DbE6GG1PPCK/BWfOH3idCTRQ4ImXRUOyopDEgDEnVEE7Y/2Wrig==

form-data@^3.0.0:
  version "3.0.1"
  resolved "https://registry.yarnpkg.com/form-data/-/form-data-3.0.1.tgz#ebd53791b78356a99af9a300d4282c4d5eb9755f"
  integrity sha512-RHkBKtLWUVwd7SqRIvCZMEvAMoGUp0XU+seQiZejj0COz3RI3hWP4sCv3gZWWLjJTd7rGwcsF5eKZGii0r/hbg==
  dependencies:
    asynckit "^0.4.0"
    combined-stream "^1.0.8"
    mime-types "^2.1.12"

gaxios@^4.0.0:
  version "4.3.0"
  resolved "https://registry.yarnpkg.com/gaxios/-/gaxios-4.3.0.tgz#ad4814d89061f85b97ef52aed888c5dbec32f774"
  integrity sha512-pHplNbslpwCLMyII/lHPWFQbJWOX0B3R1hwBEOvzYi1GmdKZruuEHK4N9V6f7tf1EaPYyF80mui1+344p6SmLg==
  dependencies:
    abort-controller "^3.0.0"
    extend "^3.0.2"
    https-proxy-agent "^5.0.0"
    is-stream "^2.0.0"
    node-fetch "^2.3.0"

gcp-metadata@^4.2.0:
  version "4.2.1"
  resolved "https://registry.yarnpkg.com/gcp-metadata/-/gcp-metadata-4.2.1.tgz#31849fbcf9025ef34c2297c32a89a1e7e9f2cd62"
  integrity sha512-tSk+REe5iq/N+K+SK1XjZJUrFPuDqGZVzCy2vocIHIGmPlTGsa8owXMJwGkrXr73NO0AzhPW4MF2DEHz7P2AVw==
  dependencies:
    gaxios "^4.0.0"
    json-bigint "^1.0.0"

google-auth-library@^7.0.2:
  version "7.1.0"
  resolved "https://registry.yarnpkg.com/google-auth-library/-/google-auth-library-7.1.0.tgz#d83b6bed1d170e30649e15e9b5b17cb375e88919"
  integrity sha512-X+gbkGjnLN3HUZP2W3KBREuA603BXd80ITvL0PeS0QpyDNYz/u0pIZ7aRuGnrSuUc0grk/qxEgtVTFt1ogbP+A==
  dependencies:
    arrify "^2.0.0"
    base64-js "^1.3.0"
    ecdsa-sig-formatter "^1.0.11"
    fast-text-encoding "^1.0.0"
    gaxios "^4.0.0"
    gcp-metadata "^4.2.0"
    gtoken "^5.0.4"
    jws "^4.0.0"
    lru-cache "^6.0.0"

google-p12-pem@^3.0.3:
  version "3.0.3"
  resolved "https://registry.yarnpkg.com/google-p12-pem/-/google-p12-pem-3.0.3.tgz#673ac3a75d3903a87f05878f3c75e06fc151669e"
  integrity sha512-wS0ek4ZtFx/ACKYF3JhyGe5kzH7pgiQ7J5otlumqR9psmWMYc+U9cErKlCYVYHoUaidXHdZ2xbo34kB+S+24hA==
  dependencies:
    node-forge "^0.10.0"

gtoken@^5.0.4:
  version "5.2.1"
  resolved "https://registry.yarnpkg.com/gtoken/-/gtoken-5.2.1.tgz#4dae1fea17270f457954b4a45234bba5fc796d16"
  integrity sha512-OY0BfPKe3QnMsY9MzTHTSKn+Vl2l1CcLe6BwDEQj00mbbkl5nyQ/7EUREstg4fQNZ8iYE7br4JJ7TdKeDOPWmw==
  dependencies:
    gaxios "^4.0.0"
    google-p12-pem "^3.0.3"
    jws "^4.0.0"

has-flag@^4.0.0:
  version "4.0.0"
  resolved "https://registry.yarnpkg.com/has-flag/-/has-flag-4.0.0.tgz#944771fd9c81c81265c4d6941860da06bb59479b"
  integrity sha512-EykJT/Q1KjTWctppgIAgfSO0tKVuZUjhgMr17kqTumMl6Afv3EISleU7qZUzoXDFTAHTDC4NOoG/ZxU3EvlMPQ==

hash.js@1.1.7, hash.js@^1.0.0, hash.js@^1.0.3:
  version "1.1.7"
  resolved "https://registry.yarnpkg.com/hash.js/-/hash.js-1.1.7.tgz#0babca538e8d4ee4a0f8988d68866537a003cf42"
  integrity sha512-taOaskGt4z4SOANNseOviYDvjEJinIkRgmp7LbKP2YTTmVxWBl87s/uzK9r+44BclBSp2X7K1hqeNfz9JbBeXA==
  dependencies:
    inherits "^2.0.3"
    minimalistic-assert "^1.0.1"

hmac-drbg@^1.0.1:
  version "1.0.1"
  resolved "https://registry.yarnpkg.com/hmac-drbg/-/hmac-drbg-1.0.1.tgz#d2745701025a6c775a6c545793ed502fc0c649a1"
  integrity sha1-0nRXAQJabHdabFRXk+1QL8DGSaE=
  dependencies:
    hash.js "^1.0.3"
    minimalistic-assert "^1.0.0"
    minimalistic-crypto-utils "^1.0.1"

http-proxy-agent@^4.0.0:
  version "4.0.1"
  resolved "https://registry.yarnpkg.com/http-proxy-agent/-/http-proxy-agent-4.0.1.tgz#8a8c8ef7f5932ccf953c296ca8291b95aa74aa3a"
  integrity sha512-k0zdNgqWTGA6aeIRVpvfVob4fL52dTfaehylg0Y4UvSySvOq/Y+BOyPrgpUrA7HylqvU8vIZGsRuXmspskV0Tg==
  dependencies:
    "@tootallnate/once" "1"
    agent-base "6"
    debug "4"

https-proxy-agent@^5.0.0:
  version "5.0.0"
  resolved "https://registry.yarnpkg.com/https-proxy-agent/-/https-proxy-agent-5.0.0.tgz#e2a90542abb68a762e0a0850f6c9edadfd8506b2"
  integrity sha512-EkYm5BcKUGiduxzSt3Eppko+PiNWNEpa4ySk9vTC6wDsQJW9rHSa+UhGNJoRYp7bz6Ht1eaRIa6QaJqO5rCFbA==
  dependencies:
    agent-base "6"
    debug "4"

inherits@^2.0.3, inherits@^2.0.4:
  version "2.0.4"
  resolved "https://registry.yarnpkg.com/inherits/-/inherits-2.0.4.tgz#0fa2c64f932917c3433a0ded55363aae37416b7c"
  integrity sha512-k/vGaX4/Yla3WzyMCvTQOXYeIHvqOKtnqBduzTHpzpQZzAskKMhZ2K+EnBiSM9zGSoIFeMpXKxa4dYeZIQqewQ==

is-stream@^2.0.0:
  version "2.0.0"
  resolved "https://registry.yarnpkg.com/is-stream/-/is-stream-2.0.0.tgz#bde9c32680d6fae04129d6ac9d921ce7815f78e3"
  integrity sha512-XCoy+WlUr7d1+Z8GgSuXmpuUFC9fOhRXglJMx+dwLKTkL44Cjd4W1Z5P+BQZpr+cR93aGP4S/s7Ftw6Nd/kiEw==

is@^3.3.0:
  version "3.3.0"
  resolved "https://registry.yarnpkg.com/is/-/is-3.3.0.tgz#61cff6dd3c4193db94a3d62582072b44e5645d79"
  integrity sha512-nW24QBoPcFGGHJGUwnfpI7Yc5CdqWNdsyHQszVE/z2pKHXzh7FZ5GWhJqSyaQ9wMkQnsTx+kAI8bHlCX4tKdbg==

js-sha3@0.5.7:
  version "0.5.7"
  resolved "https://registry.yarnpkg.com/js-sha3/-/js-sha3-0.5.7.tgz#0d4ffd8002d5333aabaf4a23eed2f6374c9f28e7"
  integrity sha1-DU/9gALVMzqrr0oj7tL2N0yfKOc=

json-bigint@^1.0.0:
  version "1.0.0"
  resolved "https://registry.yarnpkg.com/json-bigint/-/json-bigint-1.0.0.tgz#ae547823ac0cad8398667f8cd9ef4730f5b01ff1"
  integrity sha512-SiPv/8VpZuWbvLSMtTDU8hEfrZWg/mH/nV/b4o0CYbSxu1UIQPLdwKOCIyLQX+VIPO5vrLX3i8qtqFyhdPSUSQ==
  dependencies:
    bignumber.js "^9.0.0"

jwa@^2.0.0:
  version "2.0.0"
  resolved "https://registry.yarnpkg.com/jwa/-/jwa-2.0.0.tgz#a7e9c3f29dae94027ebcaf49975c9345593410fc"
  integrity sha512-jrZ2Qx916EA+fq9cEAeCROWPTfCwi1IVHqT2tapuqLEVVDKFDENFw1oL+MwrTvH6msKxsd1YTDVw6uKEcsrLEA==
  dependencies:
    buffer-equal-constant-time "1.0.1"
    ecdsa-sig-formatter "1.0.11"
    safe-buffer "^5.0.1"

jws@^4.0.0:
  version "4.0.0"
  resolved "https://registry.yarnpkg.com/jws/-/jws-4.0.0.tgz#2d4e8cf6a318ffaa12615e9dec7e86e6c97310f4"
  integrity sha512-KDncfTmOZoOMTFG4mBlG0qUIOlc03fmzH+ru6RgYVZhPkyiy/92Owlt/8UEN+a4TXR1FQetfIpJE8ApdvdVxTg==
  dependencies:
    jwa "^2.0.0"
    safe-buffer "^5.0.1"

lru-cache@^6.0.0:
  version "6.0.0"
  resolved "https://registry.yarnpkg.com/lru-cache/-/lru-cache-6.0.0.tgz#6d6fe6570ebd96aaf90fcad1dafa3b2566db3a94"
  integrity sha512-Jo6dJ04CmSjuznwJSS3pUeWmd/H0ffTlkXXgwZi+eq1UCmqQwCh+eLsYOYCwY991i2Fah4h1BEMCx4qThGbsiA==
  dependencies:
    yallist "^4.0.0"

make-error@^1.1.1:
  version "1.3.6"
  resolved "https://registry.yarnpkg.com/make-error/-/make-error-1.3.6.tgz#2eb2e37ea9b67c4891f684a1394799af484cf7a2"
  integrity sha512-s8UhlNe7vPKomQhC1qFelMokr/Sc3AgNbso3n74mVPA5LTZwkB9NlXf4XPamLxJE8h0gh73rM94xvwRT2CVInw==

mime-db@1.48.0:
  version "1.48.0"
  resolved "https://registry.yarnpkg.com/mime-db/-/mime-db-1.48.0.tgz#e35b31045dd7eada3aaad537ed88a33afbef2d1d"
  integrity sha512-FM3QwxV+TnZYQ2aRqhlKBMHxk10lTbMt3bBkMAp54ddrNeVSfcQYOOKuGuy3Ddrm38I04If834fOUSq1yzslJQ==

mime-types@^2.1.12:
  version "2.1.31"
  resolved "https://registry.yarnpkg.com/mime-types/-/mime-types-2.1.31.tgz#a00d76b74317c61f9c2db2218b8e9f8e9c5c9e6b"
  integrity sha512-XGZnNzm3QvgKxa8dpzyhFTHmpP3l5YNusmne07VUOXxou9CqUqYa/HBy124RqtVh/O2pECas/MOcsDgpilPOPg==
  dependencies:
    mime-db "1.48.0"

minimalistic-assert@^1.0.0, minimalistic-assert@^1.0.1:
  version "1.0.1"
  resolved "https://registry.yarnpkg.com/minimalistic-assert/-/minimalistic-assert-1.0.1.tgz#2e194de044626d4a10e7f7fbc00ce73e83e4d5c7"
  integrity sha512-UtJcAD4yEaGtjPezWuO9wC4nwUnVH/8/Im3yEHQP4b67cXlD/Qr9hdITCU1xDbSEXg2XKNaP8jsReV7vQd00/A==

minimalistic-crypto-utils@^1.0.1:
  version "1.0.1"
  resolved "https://registry.yarnpkg.com/minimalistic-crypto-utils/-/minimalistic-crypto-utils-1.0.1.tgz#f6c00c1c0b082246e5c4d99dfb8c7c083b2b582a"
  integrity sha1-9sAMHAsIIkblxNmd+4x8CDsrWCo=

ms@2.1.2:
  version "2.1.2"
  resolved "https://registry.yarnpkg.com/ms/-/ms-2.1.2.tgz#d09d1f357b443f493382a8eb3ccd183872ae6009"
  integrity sha512-sGkPx+VjMtmA6MX27oA4FBFELFCZZ4S4XqeGOXCv68tT+jb3vk/RyaKWP0PTKyWtmLSM0b+adUTEvbs1PEaH2w==

node-fetch@^2.3.0, node-fetch@^2.6.1:
  version "2.6.1"
  resolved "https://registry.yarnpkg.com/node-fetch/-/node-fetch-2.6.1.tgz#045bd323631f76ed2e2b55573394416b639a0052"
  integrity sha512-V4aYg89jEoVRxRb2fJdAg8FHvI7cEyYdVAh94HH0UIK8oJxUfkjlDQN9RbMx+bEjP7+ggMiFRprSti032Oipxw==

node-forge@^0.10.0:
  version "0.10.0"
  resolved "https://registry.yarnpkg.com/node-forge/-/node-forge-0.10.0.tgz#32dea2afb3e9926f02ee5ce8794902691a676bf3"
  integrity sha512-PPmu8eEeG9saEUvI97fm4OYxXVB6bFvyNTyiUOBichBpFG8A1Ljw3bY62+5oOjDEMHRnd0Y7HQ+x7uzxOzC6JA==

once@^1.4.0:
  version "1.4.0"
  resolved "https://registry.yarnpkg.com/once/-/once-1.4.0.tgz#583b1aa775961d4b113ac17d9c50baef9dd76bd1"
  integrity sha1-WDsap3WWHUsROsF9nFC6753Xa9E=
  dependencies:
    wrappy "1"

p-event@^4.1.0:
  version "4.2.0"
  resolved "https://registry.yarnpkg.com/p-event/-/p-event-4.2.0.tgz#af4b049c8acd91ae81083ebd1e6f5cae2044c1b5"
  integrity sha512-KXatOjCRXXkSePPb1Nbi0p0m+gQAwdlbhi4wQKJPI1HsMQS9g+Sqp2o+QHziPr7eYJyOZet836KoHEVM1mwOrQ==
  dependencies:
    p-timeout "^3.1.0"

p-finally@^1.0.0:
  version "1.0.0"
  resolved "https://registry.yarnpkg.com/p-finally/-/p-finally-1.0.0.tgz#3fbcfb15b899a44123b34b6dcc18b724336a2cae"
  integrity sha1-P7z7FbiZpEEjs0ttzBi3JDNqLK4=

p-timeout@^3.1.0:
  version "3.2.0"
  resolved "https://registry.yarnpkg.com/p-timeout/-/p-timeout-3.2.0.tgz#c7e17abc971d2a7962ef83626b35d635acf23dfe"
  integrity sha512-rhIwUycgwwKcP9yTOOFK/AKsAopjjCakVqLHePO3CC6Mir1Z99xT+R63jZxAT5lFZLa2inS5h+ZS2GvR99/FBg==
  dependencies:
    p-finally "^1.0.0"

prettier@^2.3.0:
  version "2.3.0"
  resolved "https://registry.yarnpkg.com/prettier/-/prettier-2.3.0.tgz#b6a5bf1284026ae640f17f7ff5658a7567fc0d18"
  integrity sha512-kXtO4s0Lz/DW/IJ9QdWhAf7/NmPWQXkFr/r/WkR3vyI+0v8amTDxiaQSLzs8NBlytfLWX/7uQUMIW677yLKl4w==

readable-stream@^3.1.1:
  version "3.6.0"
  resolved "https://registry.yarnpkg.com/readable-stream/-/readable-stream-3.6.0.tgz#337bbda3adc0706bd3e024426a286d4b4b2c9198"
  integrity sha512-BViHy7LKeTz4oNnkcLJ+lVSL6vpiFeX6/d3oSH8zCW7UxP2onchk+vTGB143xuFjHS3deTgkKoXXymXqymiIdA==
  dependencies:
    inherits "^2.0.3"
    string_decoder "^1.1.1"
    util-deprecate "^1.0.1"

retry-request@^4.1.1:
  version "4.1.3"
  resolved "https://registry.yarnpkg.com/retry-request/-/retry-request-4.1.3.tgz#d5f74daf261372cff58d08b0a1979b4d7cab0fde"
  integrity sha512-QnRZUpuPNgX0+D1xVxul6DbJ9slvo4Rm6iV/dn63e048MvGbUZiKySVt6Tenp04JqmchxjiLltGerOJys7kJYQ==
  dependencies:
    debug "^4.1.1"

safe-buffer@^5.0.1, safe-buffer@~5.2.0:
  version "5.2.1"
  resolved "https://registry.yarnpkg.com/safe-buffer/-/safe-buffer-5.2.1.tgz#1eaf9fa9bdb1fdd4ec75f58f9cdb4e6b7827eec6"
  integrity sha512-rp3So07KcdmmKbGvgaNxQSJr7bGVSVk5S9Eq1F+ppbRo70+YeaDxkw5Dd8NPN+GD6bjnYm2VuPuCXmpuYvmCXQ==

scrypt-js@3.0.1:
  version "3.0.1"
  resolved "https://registry.yarnpkg.com/scrypt-js/-/scrypt-js-3.0.1.tgz#d314a57c2aef69d1ad98a138a21fe9eafa9ee312"
  integrity sha512-cdwTTnqPu0Hyvf5in5asVdZocVDTNRmR7XEcJuIzMjJeSHybHl7vpB66AzwTaIg6CLSbtjcxc8fqcySfnTkccA==

source-map-support@^0.5.17:
  version "0.5.19"
  resolved "https://registry.yarnpkg.com/source-map-support/-/source-map-support-0.5.19.tgz#a98b62f86dcaf4f67399648c085291ab9e8fed61"
  integrity sha512-Wonm7zOCIJzBGQdB+thsPar0kYuCIzYvxZwlBa87yi/Mdjv7Tip2cyVbLj5o0cFPN4EVkuTwb3GDDyUx2DGnGw==
  dependencies:
    buffer-from "^1.0.0"
    source-map "^0.6.0"

source-map@^0.6.0:
  version "0.6.1"
  resolved "https://registry.yarnpkg.com/source-map/-/source-map-0.6.1.tgz#74722af32e9614e9c287a8d0bbde48b5e2f1a263"
  integrity sha512-UjgapumWlbMhkBgzT7Ykc5YXUT46F0iKu8SGXq0bcwP5dz/h0Plj6enJqjz1Zbq2l5WaqYnrVbwWOWMyF3F47g==

stream-events@^1.0.5:
  version "1.0.5"
  resolved "https://registry.yarnpkg.com/stream-events/-/stream-events-1.0.5.tgz#bbc898ec4df33a4902d892333d47da9bf1c406d5"
  integrity sha512-E1GUzBSgvct8Jsb3v2X15pjzN1tYebtbLaMg+eBOUOAxgbLoSbT2NS91ckc5lJD1KfLjId+jXJRgo0qnV5Nerg==
  dependencies:
    stubs "^3.0.0"

stream-shift@^1.0.0:
  version "1.0.1"
  resolved "https://registry.yarnpkg.com/stream-shift/-/stream-shift-1.0.1.tgz#d7088281559ab2778424279b0877da3c392d5a3d"
  integrity sha512-AiisoFqQ0vbGcZgQPY1cdP2I76glaVA/RauYR4G4thNFgkTqr90yXTo4LYX60Jl+sIlPNHHdGSwo01AvbKUSVQ==

string_decoder@^1.1.1:
  version "1.3.0"
  resolved "https://registry.yarnpkg.com/string_decoder/-/string_decoder-1.3.0.tgz#42f114594a46cf1a8e30b0a84f56c78c3edac21e"
  integrity sha512-hkRX8U1WjJFd8LsDJ2yQ/wWWxaopEsABU1XfkM8A+j0+85JAGppt16cr1Whg6KIbb4okU6Mql6BOj+uup/wKeA==
  dependencies:
    safe-buffer "~5.2.0"

stubs@^3.0.0:
  version "3.0.0"
  resolved "https://registry.yarnpkg.com/stubs/-/stubs-3.0.0.tgz#e8d2ba1fa9c90570303c030b6900f7d5f89abe5b"
  integrity sha1-6NK6H6nJBXAwPAMLaQD31fiavls=

supports-color@^7.1.0:
  version "7.2.0"
  resolved "https://registry.yarnpkg.com/supports-color/-/supports-color-7.2.0.tgz#1b7dcdcb32b8138801b3e478ba6a51caa89648da"
  integrity sha512-qpCAvRl9stuOHveKsn7HncJRvv501qIacKzQlO/+Lwxc9+0q2wLyv4Dfvt80/DPn2pqOBsJdDiogXGR9+OvwRw==
  dependencies:
    has-flag "^4.0.0"

teeny-request@^7.0.0:
  version "7.1.0"
  resolved "https://registry.yarnpkg.com/teeny-request/-/teeny-request-7.1.0.tgz#be7593e62d5f2d656646a0c35fc7c3f18f6300f9"
  integrity sha512-hPfSc05a7Mf3syqVhSkrVMb844sMiP60MrfGMts3ft6V6UlSkEIGQzgwf0dy1KjdE3FV2lJ5s7QCBFcaoQLA6g==
  dependencies:
    http-proxy-agent "^4.0.0"
    https-proxy-agent "^5.0.0"
    node-fetch "^2.6.1"
    stream-events "^1.0.5"
    uuid "^8.0.0"

ts-node@^10.0.0:
  version "10.0.0"
  resolved "https://registry.yarnpkg.com/ts-node/-/ts-node-10.0.0.tgz#05f10b9a716b0b624129ad44f0ea05dac84ba3be"
  integrity sha512-ROWeOIUvfFbPZkoDis0L/55Fk+6gFQNZwwKPLinacRl6tsxstTF1DbAcLKkovwnpKMVvOMHP1TIbnwXwtLg1gg==
  dependencies:
    "@tsconfig/node10" "^1.0.7"
    "@tsconfig/node12" "^1.0.7"
    "@tsconfig/node14" "^1.0.0"
    "@tsconfig/node16" "^1.0.1"
    arg "^4.1.0"
    create-require "^1.1.0"
    diff "^4.0.1"
    make-error "^1.1.1"
    source-map-support "^0.5.17"
    yn "3.1.1"

typescript@^4.3.2:
  version "4.3.2"
  resolved "https://registry.yarnpkg.com/typescript/-/typescript-4.3.2.tgz#399ab18aac45802d6f2498de5054fcbbe716a805"
  integrity sha512-zZ4hShnmnoVnAHpVHWpTcxdv7dWP60S2FsydQLV8V5PbS3FifjWFFRiHSWpDJahly88PRyV5teTSLoq4eG7mKw==

util-deprecate@^1.0.1:
  version "1.0.2"
  resolved "https://registry.yarnpkg.com/util-deprecate/-/util-deprecate-1.0.2.tgz#450d4dc9fa70de732762fbd2d4a28981419a0ccf"
  integrity sha1-RQ1Nyfpw3nMnYvvS1KKJgUGaDM8=

uuid@^8.0.0:
  version "8.3.2"
  resolved "https://registry.yarnpkg.com/uuid/-/uuid-8.3.2.tgz#80d5b5ced271bb9af6c445f21a1a04c606cefbe2"
  integrity sha512-+NYs2QeMWy+GWFOEm9xnn6HCDp0l7QBD7ml8zLUmJ+93Q5NF0NocErnwkTkXVFNiX3/fpC6afS8Dhb/gz7R7eg==

wrappy@1:
  version "1.0.2"
  resolved "https://registry.yarnpkg.com/wrappy/-/wrappy-1.0.2.tgz#b5243d8f3ec1aa35f1364605bc0d1036e30ab69f"
  integrity sha1-tSQ9jz7BqjXxNkYFvA0QNuMKtp8=

ws@7.4.6:
  version "7.4.6"
  resolved "https://registry.yarnpkg.com/ws/-/ws-7.4.6.tgz#5654ca8ecdeee47c33a9a4bf6d28e2be2980377c"
  integrity sha512-YmhHDO4MzaDLB+M9ym/mDA5z0naX8j7SIlT8f8z+I0VtzsRbekxEutHSme7NPS2qE8StCYQNUnfWdXta/Yu85A==

yallist@^4.0.0:
  version "4.0.0"
  resolved "https://registry.yarnpkg.com/yallist/-/yallist-4.0.0.tgz#9bb92790d9c0effec63be73519e11a35019a3a72"
  integrity sha512-3wdGidZyq5PB084XLES5TpOSRA3wjXAlIWMhum2kRcv/41Sn2emQ0dycQW4uZXLejwKvg6EsvbdlVL+FYEct7A==

yn@3.1.1:
  version "3.1.1"
  resolved "https://registry.yarnpkg.com/yn/-/yn-3.1.1.tgz#1e87401a09d767c1d5eab26a6e4c185182d2eb50"
  integrity sha512-Ux4ygGWsu2c7isFWe8Yu1YluJmqVhxqK2cLXNQA5AcC3QfbGNpM7fu0Y8b/z16pXLnFxZYvWhd3fhBY9DLmC6Q==
